
Microsoft Visual Studio Solution File, Format Version 12.00
# Visual Studio Version 16
VisualStudioVersion = 16.0.30611.23
MinimumVisualStudioVersion = 10.0.40219.1
Project("{FAE04EC0-301F-11D3-BF4B-00C04F79EFBC}") = "Produto", "Produto\Produto.csproj", "{265D670B-3357-4E18-A7C7-317D495E0DAD}"
EndProject
Global
	GlobalSection(SolutionConfigurationPlatforms) = preSolution
		Debug|Any CPU = Debug|Any CPU
		Release|Any CPU = Release|Any CPU
	EndGlobalSection
	GlobalSection(ProjectConfigurationPlatforms) = postSolution
		{265D670B-3357-4E18-A7C7-317D495E0DAD}.Debug|Any CPU.ActiveCfg = Debug|Any CPU
		{265D670B-3357-4E18-A7C7-317D495E0DAD}.Debug|Any CPU.Build.0 = Debug|Any CPU
		{265D670B-3357-4E18-A7C7-317D495E0DAD}.Release|Any CPU.ActiveCfg = Release|Any CPU
		{265D670B-3357-4E18-A7C7-317D495E0DAD}.Release|Any CPU.Build.0 = Release|Any CPU
	EndGlobalSection
	GlobalSection(SolutionProperties) = preSolution
		HideSolutionNode = FALSE
	EndGlobalSection
	GlobalSection(ExtensibilityGlobals) = postSolution
		SolutionGuid = {5C8C3E9F-8867-42B8-B9E9-9691C1CA84BE}
	EndGlobalSection
EndGlobal
